PODS:
  - AKPickerView (0.2.7)
  - Alamofire (4.7.1)
  - Cartography (3.0.1)
  - Realm (3.7.5):
    - Realm/Headers (= 3.7.5)
  - Realm/Headers (3.7.5)
  - RealmSwift (3.7.5):
    - Realm (= 3.7.5)
  - ScrollableGraphView (4.0.6)
  - SwiftGifOrigin (1.6.1)
  - SwiftLint (0.27.0)

DEPENDENCIES:
  - AKPickerView
  - Alamofire
  - Cartography
  - RealmSwift
  - ScrollableGraphView
  - SwiftGifOrigin
  - SwiftLint

SPEC REPOS:
  https://github.com/cocoapods/specs.git:
    - AKPickerView
    - Alamofire
    - Cartography
    - Realm
    - RealmSwift
    - ScrollableGraphView
    - SwiftGifOrigin
    - SwiftLint

SPEC CHECKSUMS:
  AKPickerView: 125372e36fcc372216127600a541f14dcdbb7993
  Alamofire: 68d7d521118d49c615a8d2214d87cdf525599d30
  Cartography: f8c899bb0f5cf20758644a8eea59a75e98a03a5d
  Realm: c286caf4dbf346ce24aad49ca76c7ce622d4a082
  RealmSwift: 2a9281e37d6de55f66f76254d49d28aeb1b729e4
  ScrollableGraphView: 4af35d4ea9ecdec665d34a74da51da161ddff8ac
  SwiftGifOrigin: d6679d3ebe9df2e049a84bc52582635107b581f6
  SwiftLint: 3207c1faa2240bf8973b191820a116113cd11073

PODFILE CHECKSUM: af34047d08e232e77bc8419b0ec94d3564f3d558

COCOAPODS: 1.5.3
